
Microsoft Visual Studio Solution File, Format Version 12.00
# Visual Studio Version 17
VisualStudioVersion = 17.8.34309.116
MinimumVisualStudioVersion = 10.0.40219.1
Project("{FAE04EC0-301F-11D3-BF4B-00C04F79EFBC}") = "RainbowLast10", "RainbowLast10\RainbowLast10.csproj", "{3D99EF92-22C5-4868-8E8C-115B330715CF}"
EndProject
Global
	GlobalSection(SolutionConfigurationPlatforms) = preSolution
		Debug|Any CPU = Debug|Any CPU
		Release|Any CPU = Release|Any CPU
	EndGlobalSection
	GlobalSection(ProjectConfigurationPlatforms) = postSolution
		{3D99EF92-22C5-4868-8E8C-115B330715CF}.Debug|Any CPU.ActiveCfg = Debug|Any CPU
		{3D99EF92-22C5-4868-8E8C-115B330715CF}.Debug|Any CPU.Build.0 = Debug|Any CPU
		{3D99EF92-22C5-4868-8E8C-115B330715CF}.Release|Any CPU.ActiveCfg = Release|Any CPU
		{3D99EF92-22C5-4868-8E8C-115B330715CF}.Release|Any CPU.Build.0 = Release|Any CPU
	EndGlobalSection
	GlobalSection(SolutionProperties) = preSolution
		HideSolutionNode = FALSE
	EndGlobalSection
	GlobalSection(ExtensibilityGlobals) = postSolution
		SolutionGuid = {3FFF9145-3340-4BC5-B226-5798E2E7207F}
	EndGlobalSection
EndGlobal
